<?xml version="1.0" encoding="utf-8"?>
<Project ToolsVersion="4.0" xmlns="http://schemas.microsoft.com/developer/msbuild/2003">
  <ItemGroup>
    <Filter Include="00. BaekJoon">
      <UniqueIdentifier>{5c1a06af-4bf5-4eea-ae50-b79c828a9037}</UniqueIdentifier>
    </Filter>
    <Filter Include="01. Programmers">
      <UniqueIdentifier>{b9a486cc-6f69-4748-a081-2476e55e425c}</UniqueIdentifier>
    </Filter>
    <Filter Include="00. BaekJoon\2025">
      <UniqueIdentifier>{482748a3-463b-4e9e-acdc-db8ee3088324}</UniqueIdentifier>
    </Filter>
    <Filter Include="00. BaekJoon\2025\05">
      <UniqueIdentifier>{03ee7f9a-f885-4538-be4a-145557a44ca6}</UniqueIdentifier>
    </Filter>
    <Filter Include="00. BaekJoon\2025\05\16">
      <UniqueIdentifier>{12f09139-d480-410c-bf59-9ee1217ba14d}</UniqueIdentifier>
    </Filter>
    <Filter Include="00. BaekJoon\2025\05\17">
      <UniqueIdentifier>{5e16cbe9-334d-424a-8798-c84149f175f0}</UniqueIdentifier>
    </Filter>
    <Filter Include="00. BaekJoon\2025\05\18">
      <UniqueIdentifier>{11359d13-a5a0-45cc-8fee-e0e55a6cae4c}</UniqueIdentifier>
    </Filter>
    <Filter Include="01. Programmers\2025">
      <UniqueIdentifier>{0419907a-3bd8-44c7-aa6e-68a40feae626}</UniqueIdentifier>
    </Filter>
    <Filter Include="01. Programmers\2025\05">
      <UniqueIdentifier>{7d09d137-ffea-412f-a180-1a78c4eac06f}</UniqueIdentifier>
    </Filter>
    <Filter Include="01. Programmers\2025\05\16">
      <UniqueIdentifier>{e556630e-3569-4909-9cb7-da337a5c5ecc}</UniqueIdentifier>
    </Filter>
    <Filter Include="01. Programmers\2025\05\17">
      <UniqueIdentifier>{31947200-bb4b-420c-b70a-712616272c10}</UniqueIdentifier>
    </Filter>
    <Filter Include="01. Programmers\2025\05\18">
      <UniqueIdentifier>{88dbf77f-1ac2-4188-99ff-bf322fa59d1d}</UniqueIdentifier>
    </Filter>
    <Filter Include="00. BaekJoon\2025\05\19">
      <UniqueIdentifier>{3a9fec73-6a5a-4de9-ab01-f104dc3e4c2b}</UniqueIdentifier>
    </Filter>
    <Filter Include="01. Programmers\2025\05\19">
      <UniqueIdentifier>{e14fd4f6-daff-4372-a500-20330bd27aee}</UniqueIdentifier>
    </Filter>
    <Filter Include="00. BaekJoon\2025\05\20">
      <UniqueIdentifier>{94d3e548-8139-4105-a162-5468b87b3727}</UniqueIdentifier>
    </Filter>
    <Filter Include="01. Programmers\2025\05\20">
      <UniqueIdentifier>{280b6b31-8763-4df8-8f1d-744099cf26a4}</UniqueIdentifier>
    </Filter>
    <Filter Include="Test">
      <UniqueIdentifier>{737fa4c4-d51d-4cc4-be62-55c6d6449d56}</UniqueIdentifier>
    </Filter>
    <Filter Include="00. BaekJoon\2025\05\21">
      <UniqueIdentifier>{29097513-c185-4c12-98e2-1b2b79b47bf7}</UniqueIdentifier>
    </Filter>
    <Filter Include="01. Programmers\2025\05\24">
      <UniqueIdentifier>{7f2b4e3a-ce67-40f7-922b-966635e8589a}</UniqueIdentifier>
    </Filter>
    <Filter Include="01. Programmers\2025\05\26">
      <UniqueIdentifier>{f10957e4-b145-4a4f-9d74-26ea20fc00c0}</UniqueIdentifier>
    </Filter>
    <Filter Include="00. BaekJoon\2025\05\26">
      <UniqueIdentifier>{7bf30ef7-05cd-46a2-a101-acbe6da0f5b2}</UniqueIdentifier>
    </Filter>
    <Filter Include="01. Programmers\2025\05\31">
      <UniqueIdentifier>{fb744125-85f3-46a6-912e-6960508c9bb0}</UniqueIdentifier>
    </Filter>
    <Filter Include="00. BaekJoon\2025\05\31">
      <UniqueIdentifier>{d2412a32-daad-47ba-bc0a-6f5c132438ea}</UniqueIdentifier>
    </Filter>
    <Filter Include="00. BaekJoon\2025\06">
      <UniqueIdentifier>{a95852ca-30dc-4f60-adad-d52abdc707bb}</UniqueIdentifier>
    </Filter>
    <Filter Include="01. Programmers\2025\06">
      <UniqueIdentifier>{98208c27-d4d4-484a-9b9e-8bb429a051cd}</UniqueIdentifier>
    </Filter>
    <Filter Include="00. BaekJoon\2025\06\01">
      <UniqueIdentifier>{83d63fa6-f033-49ee-835b-cddc0987436c}</UniqueIdentifier>
    </Filter>
    <Filter Include="01. Programmers\2025\06\01">
      <UniqueIdentifier>{2b1dc4fa-861c-4fdd-9f0f-dc2c81a76efe}</UniqueIdentifier>
    </Filter>
    <Filter Include="00. BaekJoon\2025\06\03">
      <UniqueIdentifier>{a6ef21df-11d2-4f10-a76c-cec03778240a}</UniqueIdentifier>
    </Filter>
    <Filter Include="01. Programmers\2025\06\03">
      <UniqueIdentifier>{5f4d663c-9a0c-43dc-9af0-77b668ca9a90}</UniqueIdentifier>
    </Filter>
  </ItemGroup>
  <ItemGroup>
    <ClCompile Include="..\Code\BaekJoon\BaekJoon_1260.cpp">
      <Filter>00. BaekJoon\2025\05\16</Filter>
    </ClCompile>
    <ClCompile Include="..\Code\Programmers\Programmers_42626.cpp">
      <Filter>01. Programmers\2025\05\16</Filter>
    </ClCompile>
    <ClCompile Include="..\Code\BaekJoon\BaekJoon_2075.cpp">
      <Filter>00. BaekJoon\2025\05\16</Filter>
    </ClCompile>
    <ClCompile Include="..\Code\Programmers\Programmers_176962.cpp">
      <Filter>01. Programmers\2025\05\16</Filter>
    </ClCompile>
    <ClCompile Include="..\Code\BaekJoon\BaekJoon_2108.cpp">
      <Filter>00. BaekJoon\2025\05\17</Filter>
    </ClCompile>
    <ClCompile Include="..\Code\BaekJoon\BaekJoon_20920.cpp">
      <Filter>00. BaekJoon\2025\05\17</Filter>
    </ClCompile>
    <ClCompile Include="..\Code\Programmers\Programmers_62048.cpp">
      <Filter>01. Programmers\2025\05\17</Filter>
    </ClCompile>
    <ClCompile Include="..\Code\BaekJoon\BaekJoon_13305.cpp">
      <Filter>00. BaekJoon\2025\05\17</Filter>
    </ClCompile>
    <ClCompile Include="..\Code\BaekJoon\BaekJoon_24511.cpp">
      <Filter>00. BaekJoon\2025\05\18</Filter>
    </ClCompile>
    <ClCompile Include="..\Code\Programmers\Programmers_17680.cpp">
      <Filter>01. Programmers\2025\05\18</Filter>
    </ClCompile>
    <ClCompile Include="..\Code\BaekJoon\BaekJoon_1138.cpp">
      <Filter>00. BaekJoon\2025\05\18</Filter>
    </ClCompile>
    <ClCompile Include="..\Code\Programmers\Programmers_92335.cpp">
      <Filter>01. Programmers\2025\05\18</Filter>
    </ClCompile>
    <ClCompile Include="..\Code\Programmers\Programmers_49993.cpp">
      <Filter>01. Programmers\2025\05\19</Filter>
    </ClCompile>
    <ClCompile Include="..\Code\BaekJoon\BaekJoon_11478.cpp">
      <Filter>00. BaekJoon\2025\05\19</Filter>
    </ClCompile>
    <ClCompile Include="..\Code\BaekJoon\BaekJoon_12789.cpp">
      <Filter>00. BaekJoon\2025\05\19</Filter>
    </ClCompile>
    <ClCompile Include="..\Code\BaekJoon\BaekJoon_2346.cpp">
      <Filter>00. BaekJoon\2025\05\19</Filter>
    </ClCompile>
    <ClCompile Include="..\Code\BaekJoon\BaekJoon_1929.cpp">
      <Filter>00. BaekJoon\2025\05\19</Filter>
    </ClCompile>
    <ClCompile Include="..\Code\BaekJoon\BaekJoon_1735.cpp">
      <Filter>00. BaekJoon\2025\05\19</Filter>
    </ClCompile>
    <ClCompile Include="..\Code\BaekJoon\BaekJoon_18870.cpp">
      <Filter>00. BaekJoon\2025\05\19</Filter>
    </ClCompile>
    <ClCompile Include="..\Code\BaekJoon\BaekJoon_17103.cpp">
      <Filter>00. BaekJoon\2025\05\19</Filter>
    </ClCompile>
    <ClCompile Include="..\Code\BaekJoon\BaekJoon_4948.cpp">
      <Filter>00. BaekJoon\2025\05\19</Filter>
    </ClCompile>
    <ClCompile Include="..\Code\BaekJoon\BaekJoon_14501.cpp">
      <Filter>00. BaekJoon\2025\05\19</Filter>
    </ClCompile>
    <ClCompile Include="..\Code\BaekJoon\BaekJoon_4779.cpp">
      <Filter>00. BaekJoon\2025\05\19</Filter>
    </ClCompile>
    <ClCompile Include="..\Code\Test\Test.cpp">
      <Filter>Test</Filter>
    </ClCompile>
    <ClCompile Include="..\Code\Programmers\Programmers_159993.cpp">
      <Filter>01. Programmers\2025\05\20</Filter>
    </ClCompile>
    <ClCompile Include="..\Code\BaekJoon\BaekJoon_1149.cpp">
      <Filter>00. BaekJoon\2025\05\20</Filter>
    </ClCompile>
    <ClCompile Include="..\Code\Programmers\Programmers_340211.cpp">
      <Filter>01. Programmers\2025\05\20</Filter>
    </ClCompile>
    <ClCompile Include="..\Code\BaekJoon\BaekJoon_2606.cpp">
      <Filter>00. BaekJoon\2025\05\21</Filter>
    </ClCompile>
    <ClCompile Include="..\Code\BaekJoon\BaekJoon_2559.cpp">
      <Filter>00. BaekJoon\2025\05\21</Filter>
    </ClCompile>
    <ClCompile Include="..\Code\BaekJoon\BaekJoon_3273.cpp">
      <Filter>00. BaekJoon\2025</Filter>
    </ClCompile>
    <ClCompile Include="..\Code\Programmers\Programmers_77885.cpp">
      <Filter>01. Programmers\2025\05\24</Filter>
    </ClCompile>
    <ClCompile Include="..\Code\Programmers\Programmers_86971.cpp">
      <Filter>01. Programmers\2025\05\26</Filter>
    </ClCompile>
    <ClCompile Include="..\Code\BaekJoon\BaekJoon_2343.cpp">
      <Filter>00. BaekJoon\2025\05\26</Filter>
    </ClCompile>
    <ClCompile Include="..\Code\Programmers\Programmers_72416.cpp">
      <Filter>01. Programmers\2025\05\26</Filter>
    </ClCompile>
    <ClCompile Include="..\Code\Programmers\Programmers_388353.cpp">
      <Filter>01. Programmers\2025\05\31</Filter>
    </ClCompile>
    <ClCompile Include="..\Code\Programmers\Programmers_12904.cpp">
      <Filter>01. Programmers\2025\05\31</Filter>
    </ClCompile>
    <ClCompile Include="..\Code\BaekJoon\BaekJoon_12865.cpp">
      <Filter>00. BaekJoon\2025\05\31</Filter>
    </ClCompile>
    <ClCompile Include="..\Code\BaekJoon\BaekJoon_1541.cpp">
      <Filter>00. BaekJoon\2025\06\01</Filter>
    </ClCompile>
    <ClCompile Include="..\Code\Programmers\Programmers_49189.cpp">
      <Filter>01. Programmers\2025\06\01</Filter>
    </ClCompile>
    <ClCompile Include="..\Code\Programmers\Programmers_389479.cpp">
      <Filter>01. Programmers\2025\06\03</Filter>
    </ClCompile>
    <ClCompile Include="..\Code\Programmers\Programmers_12907.cpp">
      <Filter>01. Programmers\2025\06\03</Filter>
    </ClCompile>
  </ItemGroup>
</Project>